// !$*UTF8*$!
{
	archiveVersion = 1;
	classes = {
	};
	objectVersion = 56;
	objects = {

/* Begin PBXBuildFile section */
		4500840A2AF3E92A002AEBEF /* UserFollowTableViewCell.swift in Sources */ = {isa = PBXBuildFile; fileRef = 450084092AF3E92A002AEBEF /* UserFollowTableViewCell.swift */; };
		4500840C2AF4023C002AEBEF /* NoNotificationsView.swift in Sources */ = {isa = PBXBuildFile; fileRef = 4500840B2AF4023C002AEBEF /* NoNotificationsView.swift */; };
		4500840F2AF406D4002AEBEF /* NotificationFollowEventTableViewCell.swift in Sources */ = {isa = PBXBuildFile; fileRef = 4500840E2AF406D4002AEBEF /* NotificationFollowEventTableViewCell.swift */; };
		450084112AF406DF002AEBEF /* NotificationLikeEventTableViewCell.swift in Sources */ = {isa = PBXBuildFile; fileRef = 450084102AF406DF002AEBEF /* NotificationLikeEventTableViewCell.swift */; };
		453A4CDC2AF033B900B6D6D8 /* GoogleService-Info.plist in Resources */ = {isa = PBXBuildFile; fileRef = 453A4CDB2AF033B900B6D6D8 /* GoogleService-Info.plist */; };
		453A4CE02AF0378500B6D6D8 /* DatabaseManager.swift in Sources */ = {isa = PBXBuildFile; fileRef = 453A4CDF2AF0378500B6D6D8 /* DatabaseManager.swift */; };
		453A4CE22AF0382500B6D6D8 /* AuthManager.swift in Sources */ = {isa = PBXBuildFile; fileRef = 453A4CE12AF0382500B6D6D8 /* AuthManager.swift */; };
		453A4CE42AF0387100B6D6D8 /* StorageManager.swift in Sources */ = {isa = PBXBuildFile; fileRef = 453A4CE32AF0387100B6D6D8 /* StorageManager.swift */; };
		453A4CE62AF03DB200B6D6D8 /* UIView+Extension.swift in Sources */ = {isa = PBXBuildFile; fileRef = 453A4CE52AF03DB200B6D6D8 /* UIView+Extension.swift */; };
		4542929B2AF2A31E00617A30 /* FeedPostTableViewCell.swift in Sources */ = {isa = PBXBuildFile; fileRef = 4542929A2AF2A31E00617A30 /* FeedPostTableViewCell.swift */; };
		4542929D2AF2A4D000617A30 /* FeedPostHeaderTableViewCell.swift in Sources */ = {isa = PBXBuildFile; fileRef = 4542929C2AF2A4D000617A30 /* FeedPostHeaderTableViewCell.swift */; };
		4542929F2AF2A52300617A30 /* FeedPostActionsTableViewCell.swift in Sources */ = {isa = PBXBuildFile; fileRef = 4542929E2AF2A52300617A30 /* FeedPostActionsTableViewCell.swift */; };
		454292A22AF2A58600617A30 /* FeedPostGeneralTableViewCell.swift in Sources */ = {isa = PBXBuildFile; fileRef = 454292A12AF2A58600617A30 /* FeedPostGeneralTableViewCell.swift */; };
		454292A52AF2BE5600617A30 /* FormTableViewCell.swift in Sources */ = {isa = PBXBuildFile; fileRef = 454292A42AF2BE5600617A30 /* FormTableViewCell.swift */; };
		454292A82AF2C74300617A30 /* PhotoCollectionViewCell.swift in Sources */ = {isa = PBXBuildFile; fileRef = 454292A72AF2C74300617A30 /* PhotoCollectionViewCell.swift */; };
		454292AA2AF2C79A00617A30 /* ProfileInfoHeaderCollectionReusableView.swift in Sources */ = {isa = PBXBuildFile; fileRef = 454292A92AF2C79A00617A30 /* ProfileInfoHeaderCollectionReusableView.swift */; };
		454292AC2AF2C7C900617A30 /* ProfileTabsCollectionReusableView.swift in Sources */ = {isa = PBXBuildFile; fileRef = 454292AB2AF2C7C900617A30 /* ProfileTabsCollectionReusableView.swift */; };
		454292AF2AF2E6B000617A30 /* SDWebImage in Frameworks */ = {isa = PBXBuildFile; productRef = 454292AE2AF2E6B000617A30 /* SDWebImage */; };
		454292B12AF2E6B000617A30 /* SDWebImageMapKit in Frameworks */ = {isa = PBXBuildFile; productRef = 454292B02AF2E6B000617A30 /* SDWebImageMapKit */; };
		454292B32AF2EB4200617A30 /* Models.swift in Sources */ = {isa = PBXBuildFile; fileRef = 454292B22AF2EB4200617A30 /* Models.swift */; };
		454B1A572AF13DDE00A556BA /* String+Extension.swift in Sources */ = {isa = PBXBuildFile; fileRef = 454B1A562AF13DDE00A556BA /* String+Extension.swift */; };
		45B9F8392AEFE6970071EC92 /* AppDelegate.swift in Sources */ = {isa = PBXBuildFile; fileRef = 45B9F8382AEFE6970071EC92 /* AppDelegate.swift */; };
		45B9F83B2AEFE6970071EC92 /* SceneDelegate.swift in Sources */ = {isa = PBXBuildFile; fileRef = 45B9F83A2AEFE6970071EC92 /* SceneDelegate.swift */; };
		45B9F83D2AEFE6970071EC92 /* HomeViewController.swift in Sources */ = {isa = PBXBuildFile; fileRef = 45B9F83C2AEFE6970071EC92 /* HomeViewController.swift */; };
		45B9F8402AEFE6970071EC92 /* Main.storyboard in Resources */ = {isa = PBXBuildFile; fileRef = 45B9F83E2AEFE6970071EC92 /* Main.storyboard */; };
		45B9F8422AEFE6980071EC92 /* Assets.xcassets in Resources */ = {isa = PBXBuildFile; fileRef = 45B9F8412AEFE6980071EC92 /* Assets.xcassets */; };
		45B9F8452AEFE6980071EC92 /* LaunchScreen.storyboard in Resources */ = {isa = PBXBuildFile; fileRef = 45B9F8432AEFE6980071EC92 /* LaunchScreen.storyboard */; };
		45E6CBB12AEFE9A300F6EEF3 /* ExploreViewController.swift in Sources */ = {isa = PBXBuildFile; fileRef = 45E6CBB02AEFE9A300F6EEF3 /* ExploreViewController.swift */; };
		45E6CBB32AEFE9B800F6EEF3 /* CameraViewController.swift in Sources */ = {isa = PBXBuildFile; fileRef = 45E6CBB22AEFE9B800F6EEF3 /* CameraViewController.swift */; };
		45E6CBB52AEFE9CF00F6EEF3 /* NotificationsViewController.swift in Sources */ = {isa = PBXBuildFile; fileRef = 45E6CBB42AEFE9CF00F6EEF3 /* NotificationsViewController.swift */; };
		45E6CBB72AEFE9E100F6EEF3 /* ProfileViewController.swift in Sources */ = {isa = PBXBuildFile; fileRef = 45E6CBB62AEFE9E100F6EEF3 /* ProfileViewController.swift */; };
		45E6CBBC2AEFEA3E00F6EEF3 /* LoginViewController.swift in Sources */ = {isa = PBXBuildFile; fileRef = 45E6CBBB2AEFEA3E00F6EEF3 /* LoginViewController.swift */; };
		45E6CBBE2AEFEA4800F6EEF3 /* RegistrationViewController.swift in Sources */ = {isa = PBXBuildFile; fileRef = 45E6CBBD2AEFEA4800F6EEF3 /* RegistrationViewController.swift */; };
		45E6CBC02AEFEA8100F6EEF3 /* PostViewController.swift in Sources */ = {isa = PBXBuildFile; fileRef = 45E6CBBF2AEFEA8100F6EEF3 /* PostViewController.swift */; };
		45E6CBC22AEFEA9700F6EEF3 /* EditProfileViewController.swift in Sources */ = {isa = PBXBuildFile; fileRef = 45E6CBC12AEFEA9700F6EEF3 /* EditProfileViewController.swift */; };
		45E6CBC42AEFEAAD00F6EEF3 /* SettingsViewController.swift in Sources */ = {isa = PBXBuildFile; fileRef = 45E6CBC32AEFEAAD00F6EEF3 /* SettingsViewController.swift */; };
		45E6CBC62AEFEAC800F6EEF3 /* ListViewController.swift in Sources */ = {isa = PBXBuildFile; fileRef = 45E6CBC52AEFEAC800F6EEF3 /* ListViewController.swift */; };
		45E6CBC82AEFEADB00F6EEF3 /* SearchViewController.swift in Sources */ = {isa = PBXBuildFile; fileRef = 45E6CBC72AEFEADB00F6EEF3 /* SearchViewController.swift */; };
		45E6CBCA2AEFEAF300F6EEF3 /* SearchResultViewController.swift in Sources */ = {isa = PBXBuildFile; fileRef = 45E6CBC92AEFEAF300F6EEF3 /* SearchResultViewController.swift */; };
		45E6CBCC2AEFEB0800F6EEF3 /* PostEditorViewController.swift in Sources */ = {isa = PBXBuildFile; fileRef = 45E6CBCB2AEFEB0800F6EEF3 /* PostEditorViewController.swift */; };
		45E6CBCE2AEFEB1700F6EEF3 /* PublishPostViewController.swift in Sources */ = {isa = PBXBuildFile; fileRef = 45E6CBCD2AEFEB1700F6EEF3 /* PublishPostViewController.swift */; };
		45E6CBD12AF0010600F6EEF3 /* FirebaseAnalytics in Frameworks */ = {isa = PBXBuildFile; productRef = 45E6CBD02AF0010600F6EEF3 /* FirebaseAnalytics */; };
		45E6CBD32AF0010600F6EEF3 /* FirebaseAnalyticsOnDeviceConversion in Frameworks */ = {isa = PBXBuildFile; productRef = 45E6CBD22AF0010600F6EEF3 /* FirebaseAnalyticsOnDeviceConversion */; };
		45E6CBD52AF0010600F6EEF3 /* FirebaseAnalyticsSwift in Frameworks */ = {isa = PBXBuildFile; productRef = 45E6CBD42AF0010600F6EEF3 /* FirebaseAnalyticsSwift */; };
		45E6CBD72AF0010600F6EEF3 /* FirebaseAnalyticsWithoutAdIdSupport in Frameworks */ = {isa = PBXBuildFile; productRef = 45E6CBD62AF0010600F6EEF3 /* FirebaseAnalyticsWithoutAdIdSupport */; };
		45E6CBD92AF0010600F6EEF3 /* FirebaseAppCheck in Frameworks */ = {isa = PBXBuildFile; productRef = 45E6CBD82AF0010600F6EEF3 /* FirebaseAppCheck */; };
		45E6CBDB2AF0010600F6EEF3 /* FirebaseAppDistribution-Beta in Frameworks */ = {isa = PBXBuildFile; productRef = 45E6CBDA2AF0010600F6EEF3 /* FirebaseAppDistribution-Beta */; };
		45E6CBDD2AF0010600F6EEF3 /* FirebaseAuth in Frameworks */ = {isa = PBXBuildFile; productRef = 45E6CBDC2AF0010600F6EEF3 /* FirebaseAuth */; };
		45E6CBDF2AF0010600F6EEF3 /* FirebaseAuthCombine-Community in Frameworks */ = {isa = PBXBuildFile; productRef = 45E6CBDE2AF0010600F6EEF3 /* FirebaseAuthCombine-Community */; };
		45E6CBE12AF0010600F6EEF3 /* FirebaseCrashlytics in Frameworks */ = {isa = PBXBuildFile; productRef = 45E6CBE02AF0010600F6EEF3 /* FirebaseCrashlytics */; };
		45E6CBE32AF0010600F6EEF3 /* FirebaseDatabase in Frameworks */ = {isa = PBXBuildFile; productRef = 45E6CBE22AF0010600F6EEF3 /* FirebaseDatabase */; };
		45E6CBE52AF0010600F6EEF3 /* FirebaseDatabaseSwift in Frameworks */ = {isa = PBXBuildFile; productRef = 45E6CBE42AF0010600F6EEF3 /* FirebaseDatabaseSwift */; };
		45E6CBE72AF0010600F6EEF3 /* FirebaseDynamicLinks in Frameworks */ = {isa = PBXBuildFile; productRef = 45E6CBE62AF0010600F6EEF3 /* FirebaseDynamicLinks */; };
		45E6CBE92AF0010600F6EEF3 /* FirebaseFirestore in Frameworks */ = {isa = PBXBuildFile; productRef = 45E6CBE82AF0010600F6EEF3 /* FirebaseFirestore */; };
		45E6CBEB2AF0010600F6EEF3 /* FirebaseFirestoreCombine-Community in Frameworks */ = {isa = PBXBuildFile; productRef = 45E6CBEA2AF0010600F6EEF3 /* FirebaseFirestoreCombine-Community */; };
		45E6CBED2AF0010600F6EEF3 /* FirebaseFirestoreSwift in Frameworks */ = {isa = PBXBuildFile; productRef = 45E6CBEC2AF0010600F6EEF3 /* FirebaseFirestoreSwift */; };
		45E6CBEF2AF0010600F6EEF3 /* FirebaseFunctions in Frameworks */ = {isa = PBXBuildFile; productRef = 45E6CBEE2AF0010600F6EEF3 /* FirebaseFunctions */; };
		45E6CBF12AF0010600F6EEF3 /* FirebaseFunctionsCombine-Community in Frameworks */ = {isa = PBXBuildFile; productRef = 45E6CBF02AF0010600F6EEF3 /* FirebaseFunctionsCombine-Community */; };
		45E6CBF32AF0010600F6EEF3 /* FirebaseInAppMessaging-Beta in Frameworks */ = {isa = PBXBuildFile; productRef = 45E6CBF22AF0010600F6EEF3 /* FirebaseInAppMessaging-Beta */; };
		45E6CBF52AF0010600F6EEF3 /* FirebaseInAppMessagingSwift-Beta in Frameworks */ = {isa = PBXBuildFile; productRef = 45E6CBF42AF0010600F6EEF3 /* FirebaseInAppMessagingSwift-Beta */; };
		45E6CBF72AF0010600F6EEF3 /* FirebaseInstallations in Frameworks */ = {isa = PBXBuildFile; productRef = 45E6CBF62AF0010600F6EEF3 /* FirebaseInstallations */; };
		45E6CBF92AF0010600F6EEF3 /* FirebaseMLModelDownloader in Frameworks */ = {isa = PBXBuildFile; productRef = 45E6CBF82AF0010600F6EEF3 /* FirebaseMLModelDownloader */; };
		45E6CBFB2AF0010600F6EEF3 /* FirebaseMessaging in Frameworks */ = {isa = PBXBuildFile; productRef = 45E6CBFA2AF0010600F6EEF3 /* FirebaseMessaging */; };
		45E6CBFD2AF0010600F6EEF3 /* FirebasePerformance in Frameworks */ = {isa = PBXBuildFile; productRef = 45E6CBFC2AF0010600F6EEF3 /* FirebasePerformance */; };
		45E6CBFF2AF0010600F6EEF3 /* FirebaseRemoteConfig in Frameworks */ = {isa = PBXBuildFile; productRef = 45E6CBFE2AF0010600F6EEF3 /* FirebaseRemoteConfig */; };
		45E6CC012AF0010600F6EEF3 /* FirebaseRemoteConfigSwift in Frameworks */ = {isa = PBXBuildFile; productRef = 45E6CC002AF0010600F6EEF3 /* FirebaseRemoteConfigSwift */; };
		45E6CC032AF0010600F6EEF3 /* FirebaseStorage in Frameworks */ = {isa = PBXBuildFile; productRef = 45E6CC022AF0010600F6EEF3 /* FirebaseStorage */; };
		45E6CC052AF0010600F6EEF3 /* FirebaseStorageCombine-Community in Frameworks */ = {isa = PBXBuildFile; productRef = 45E6CC042AF0010600F6EEF3 /* FirebaseStorageCombine-Community */; };
/* End PBXBuildFile section */

/* Begin PBXFileReference section */
		450084092AF3E92A002AEBEF /* UserFollowTableViewCell.swift */ = {isa = PBXFileReference; lastKnownFileType = sourcecode.swift; path = UserFollowTableViewCell.swift; sourceTree = "<group>"; };
		4500840B2AF4023C002AEBEF /* NoNotificationsView.swift */ = {isa = PBXFileReference; lastKnownFileType = sourcecode.swift; path = NoNotificationsView.swift; sourceTree = "<group>"; };
		4500840E2AF406D4002AEBEF /* NotificationFollowEventTableViewCell.swift */ = {isa = PBXFileReference; lastKnownFileType = sourcecode.swift; path = NotificationFollowEventTableViewCell.swift; sourceTree = "<group>"; };
		450084102AF406DF002AEBEF /* NotificationLikeEventTableViewCell.swift */ = {isa = PBXFileReference; lastKnownFileType = sourcecode.swift; path = NotificationLikeEventTableViewCell.swift; sourceTree = "<group>"; };
		453A4CDB2AF033B900B6D6D8 /* GoogleService-Info.plist */ = {isa = PBXFileReference; fileEncoding = 4; lastKnownFileType = text.plist.xml; path = "GoogleService-Info.plist"; sourceTree = "<group>"; };
		453A4CDF2AF0378500B6D6D8 /* DatabaseManager.swift */ = {isa = PBXFileReference; lastKnownFileType = sourcecode.swift; path = DatabaseManager.swift; sourceTree = "<group>"; };
		453A4CE12AF0382500B6D6D8 /* AuthManager.swift */ = {isa = PBXFileReference; lastKnownFileType = sourcecode.swift; path = AuthManager.swift; sourceTree = "<group>"; };
		453A4CE32AF0387100B6D6D8 /* StorageManager.swift */ = {isa = PBXFileReference; lastKnownFileType = sourcecode.swift; path = StorageManager.swift; sourceTree = "<group>"; };
		453A4CE52AF03DB200B6D6D8 /* UIView+Extension.swift */ = {isa = PBXFileReference; lastKnownFileType = sourcecode.swift; path = "UIView+Extension.swift"; sourceTree = "<group>"; };
		4542929A2AF2A31E00617A30 /* FeedPostTableViewCell.swift */ = {isa = PBXFileReference; lastKnownFileType = sourcecode.swift; path = FeedPostTableViewCell.swift; sourceTree = "<group>"; };
		4542929C2AF2A4D000617A30 /* FeedPostHeaderTableViewCell.swift */ = {isa = PBXFileReference; lastKnownFileType = sourcecode.swift; path = FeedPostHeaderTableViewCell.swift; sourceTree = "<group>"; };
		4542929E2AF2A52300617A30 /* FeedPostActionsTableViewCell.swift */ = {isa = PBXFileReference; lastKnownFileType = sourcecode.swift; path = FeedPostActionsTableViewCell.swift; sourceTree = "<group>"; };
		454292A12AF2A58600617A30 /* FeedPostGeneralTableViewCell.swift */ = {isa = PBXFileReference; lastKnownFileType = sourcecode.swift; path = FeedPostGeneralTableViewCell.swift; sourceTree = "<group>"; };
		454292A42AF2BE5600617A30 /* FormTableViewCell.swift */ = {isa = PBXFileReference; lastKnownFileType = sourcecode.swift; path = FormTableViewCell.swift; sourceTree = "<group>"; };
		454292A72AF2C74300617A30 /* PhotoCollectionViewCell.swift */ = {isa = PBXFileReference; lastKnownFileType = sourcecode.swift; path = PhotoCollectionViewCell.swift; sourceTree = "<group>"; };
		454292A92AF2C79A00617A30 /* ProfileInfoHeaderCollectionReusableView.swift */ = {isa = PBXFileReference; lastKnownFileType = sourcecode.swift; path = ProfileInfoHeaderCollectionReusableView.swift; sourceTree = "<group>"; };
		454292AB2AF2C7C900617A30 /* ProfileTabsCollectionReusableView.swift */ = {isa = PBXFileReference; lastKnownFileType = sourcecode.swift; path = ProfileTabsCollectionReusableView.swift; sourceTree = "<group>"; };
		454292B22AF2EB4200617A30 /* Models.swift */ = {isa = PBXFileReference; lastKnownFileType = sourcecode.swift; path = Models.swift; sourceTree = "<group>"; };
		454B1A562AF13DDE00A556BA /* String+Extension.swift */ = {isa = PBXFileReference; lastKnownFileType = sourcecode.swift; path = "String+Extension.swift"; sourceTree = "<group>"; };
		45B9F8352AEFE6970071EC92 /* Instagram.app */ = {isa = PBXFileReference; explicitFileType = wrapper.application; includeInIndex = 0; path = Instagram.app; sourceTree = BUILT_PRODUCTS_DIR; };
		45B9F8382AEFE6970071EC92 /* AppDelegate.swift */ = {isa = PBXFileReference; lastKnownFileType = sourcecode.swift; path = AppDelegate.swift; sourceTree = "<group>"; };
		45B9F83A2AEFE6970071EC92 /* SceneDelegate.swift */ = {isa = PBXFileReference; lastKnownFileType = sourcecode.swift; path = SceneDelegate.swift; sourceTree = "<group>"; };
		45B9F83C2AEFE6970071EC92 /* HomeViewController.swift */ = {isa = PBXFileReference; lastKnownFileType = sourcecode.swift; path = HomeViewController.swift; sourceTree = "<group>"; };
		45B9F83F2AEFE6970071EC92 /* Base */ = {isa = PBXFileReference; lastKnownFileType = file.storyboard; name = Base; path = Base.lproj/Main.storyboard; sourceTree = "<group>"; };
		45B9F8412AEFE6980071EC92 /* Assets.xcassets */ = {isa = PBXFileReference; lastKnownFileType = folder.assetcatalog; path = Assets.xcassets; sourceTree = "<group>"; };
		45B9F8442AEFE6980071EC92 /* Base */ = {isa = PBXFileReference; lastKnownFileType = file.storyboard; name = Base; path = Base.lproj/LaunchScreen.storyboard; sourceTree = "<group>"; };
		45B9F8462AEFE6980071EC92 /* Info.plist */ = {isa = PBXFileReference; lastKnownFileType = text.plist.xml; path = Info.plist; sourceTree = "<group>"; };
		45E6CBB02AEFE9A300F6EEF3 /* ExploreViewController.swift */ = {isa = PBXFileReference; lastKnownFileType = sourcecode.swift; path = ExploreViewController.swift; sourceTree = "<group>"; };
		45E6CBB22AEFE9B800F6EEF3 /* CameraViewController.swift */ = {isa = PBXFileReference; lastKnownFileType = sourcecode.swift; path = CameraViewController.swift; sourceTree = "<group>"; };
		45E6CBB42AEFE9CF00F6EEF3 /* NotificationsViewController.swift */ = {isa = PBXFileReference; lastKnownFileType = sourcecode.swift; path = NotificationsViewController.swift; sourceTree = "<group>"; };
		45E6CBB62AEFE9E100F6EEF3 /* ProfileViewController.swift */ = {isa = PBXFileReference; lastKnownFileType = sourcecode.swift; path = ProfileViewController.swift; sourceTree = "<group>"; };
		45E6CBBB2AEFEA3E00F6EEF3 /* LoginViewController.swift */ = {isa = PBXFileReference; lastKnownFileType = sourcecode.swift; path = LoginViewController.swift; sourceTree = "<group>"; };
		45E6CBBD2AEFEA4800F6EEF3 /* RegistrationViewController.swift */ = {isa = PBXFileReference; lastKnownFileType = sourcecode.swift; path = RegistrationViewController.swift; sourceTree = "<group>"; };
		45E6CBBF2AEFEA8100F6EEF3 /* PostViewController.swift */ = {isa = PBXFileReference; lastKnownFileType = sourcecode.swift; path = PostViewController.swift; sourceTree = "<group>"; };
		45E6CBC12AEFEA9700F6EEF3 /* EditProfileViewController.swift */ = {isa = PBXFileReference; lastKnownFileType = sourcecode.swift; path = EditProfileViewController.swift; sourceTree = "<group>"; };
		45E6CBC32AEFEAAD00F6EEF3 /* SettingsViewController.swift */ = {isa = PBXFileReference; lastKnownFileType = sourcecode.swift; path = SettingsViewController.swift; sourceTree = "<group>"; };
		45E6CBC52AEFEAC800F6EEF3 /* ListViewController.swift */ = {isa = PBXFileReference; lastKnownFileType = sourcecode.swift; path = ListViewController.swift; sourceTree = "<group>"; };
		45E6CBC72AEFEADB00F6EEF3 /* SearchViewController.swift */ = {isa = PBXFileReference; lastKnownFileType = sourcecode.swift; path = SearchViewController.swift; sourceTree = "<group>"; };
		45E6CBC92AEFEAF300F6EEF3 /* SearchResultViewController.swift */ = {isa = PBXFileReference; lastKnownFileType = sourcecode.swift; path = SearchResultViewController.swift; sourceTree = "<group>"; };
		45E6CBCB2AEFEB0800F6EEF3 /* PostEditorViewController.swift */ = {isa = PBXFileReference; lastKnownFileType = sourcecode.swift; path = PostEditorViewController.swift; sourceTree = "<group>"; };
		45E6CBCD2AEFEB1700F6EEF3 /* PublishPostViewController.swift */ = {isa = PBXFileReference; lastKnownFileType = sourcecode.swift; path = PublishPostViewController.swift; sourceTree = "<group>"; };
		45E6CC062AF006A300F6EEF3 /* Instagram.entitlements */ = {isa = PBXFileReference; lastKnownFileType = text.plist.entitlements; path = Instagram.entitlements; sourceTree = "<group>"; };
/* End PBXFileReference section */

/* Begin PBXFrameworksBuildPhase section */
		45B9F8322AEFE6970071EC92 /* Frameworks */ = {
			isa = PBXFrameworksBuildPhase;
			buildActionMask = 2147483647;
			files = (
				454292B12AF2E6B000617A30 /* SDWebImageMapKit in Frameworks */,
				45E6CBE32AF0010600F6EEF3 /* FirebaseDatabase in Frameworks */,
				45E6CBF12AF0010600F6EEF3 /* FirebaseFunctionsCombine-Community in Frameworks */,
				45E6CBE92AF0010600F6EEF3 /* FirebaseFirestore in Frameworks */,
				45E6CBD52AF0010600F6EEF3 /* FirebaseAnalyticsSwift in Frameworks */,
				45E6CBD12AF0010600F6EEF3 /* FirebaseAnalytics in Frameworks */,
				45E6CBD32AF0010600F6EEF3 /* FirebaseAnalyticsOnDeviceConversion in Frameworks */,
				45E6CBF92AF0010600F6EEF3 /* FirebaseMLModelDownloader in Frameworks */,
				45E6CBED2AF0010600F6EEF3 /* FirebaseFirestoreSwift in Frameworks */,
				45E6CBD92AF0010600F6EEF3 /* FirebaseAppCheck in Frameworks */,
				45E6CBD72AF0010600F6EEF3 /* FirebaseAnalyticsWithoutAdIdSupport in Frameworks */,
				454292AF2AF2E6B000617A30 /* SDWebImage in Frameworks */,
				45E6CBDD2AF0010600F6EEF3 /* FirebaseAuth in Frameworks */,
				45E6CBE12AF0010600F6EEF3 /* FirebaseCrashlytics in Frameworks */,
				45E6CC012AF0010600F6EEF3 /* FirebaseRemoteConfigSwift in Frameworks */,
				45E6CBF32AF0010600F6EEF3 /* FirebaseInAppMessaging-Beta in Frameworks */,
				45E6CBE52AF0010600F6EEF3 /* FirebaseDatabaseSwift in Frameworks */,
				45E6CBEF2AF0010600F6EEF3 /* FirebaseFunctions in Frameworks */,
				45E6CC052AF0010600F6EEF3 /* FirebaseStorageCombine-Community in Frameworks */,
				45E6CBFF2AF0010600F6EEF3 /* FirebaseRemoteConfig in Frameworks */,
				45E6CBDB2AF0010600F6EEF3 /* FirebaseAppDistribution-Beta in Frameworks */,
				45E6CBDF2AF0010600F6EEF3 /* FirebaseAuthCombine-Community in Frameworks */,
				45E6CBFD2AF0010600F6EEF3 /* FirebasePerformance in Frameworks */,
				45E6CBF52AF0010600F6EEF3 /* FirebaseInAppMessagingSwift-Beta in Frameworks */,
				45E6CC032AF0010600F6EEF3 /* FirebaseStorage in Frameworks */,
				45E6CBE72AF0010600F6EEF3 /* FirebaseDynamicLinks in Frameworks */,
				45E6CBEB2AF0010600F6EEF3 /* FirebaseFirestoreCombine-Community in Frameworks */,
				45E6CBFB2AF0010600F6EEF3 /* FirebaseMessaging in Frameworks */,
				45E6CBF72AF0010600F6EEF3 /* FirebaseInstallations in Frameworks */,
			);
			runOnlyForDeploymentPostprocessing = 0;
		};
/* End PBXFrameworksBuildPhase section */

/* Begin PBXGroup section */
		4500840D2AF406BA002AEBEF /* Notifications */ = {
			isa = PBXGroup;
			children = (
				4500840E2AF406D4002AEBEF /* NotificationFollowEventTableViewCell.swift */,
				450084102AF406DF002AEBEF /* NotificationLikeEventTableViewCell.swift */,
			);
			path = Notifications;
			sourceTree = "<group>";
		};
		453A4CDD2AF0364D00B6D6D8 /* General */ = {
			isa = PBXGroup;
			children = (
				45E6CBBF2AEFEA8100F6EEF3 /* PostViewController.swift */,
				45E6CBC12AEFEA9700F6EEF3 /* EditProfileViewController.swift */,
				45E6CBC32AEFEAAD00F6EEF3 /* SettingsViewController.swift */,
				45E6CBC52AEFEAC800F6EEF3 /* ListViewController.swift */,
				45E6CBC72AEFEADB00F6EEF3 /* SearchViewController.swift */,
				45E6CBC92AEFEAF300F6EEF3 /* SearchResultViewController.swift */,
				45E6CBCB2AEFEB0800F6EEF3 /* PostEditorViewController.swift */,
				45E6CBCD2AEFEB1700F6EEF3 /* PublishPostViewController.swift */,
			);
			path = General;
			sourceTree = "<group>";
		};
		453A4CDE2AF0376200B6D6D8 /* Managers */ = {
			isa = PBXGroup;
			children = (
				453A4CDF2AF0378500B6D6D8 /* DatabaseManager.swift */,
				453A4CE12AF0382500B6D6D8 /* AuthManager.swift */,
				453A4CE32AF0387100B6D6D8 /* StorageManager.swift */,
			);
			path = Managers;
			sourceTree = "<group>";
		};
		454292992AF2A30200617A30 /* Cells */ = {
			isa = PBXGroup;
			children = (
				4500840D2AF406BA002AEBEF /* Notifications */,
				454292A02AF2A55E00617A30 /* Home Feed */,
				454292A42AF2BE5600617A30 /* FormTableViewCell.swift */,
				454292A72AF2C74300617A30 /* PhotoCollectionViewCell.swift */,
				450084092AF3E92A002AEBEF /* UserFollowTableViewCell.swift */,
			);
			path = Cells;
			sourceTree = "<group>";
		};
		454292A02AF2A55E00617A30 /* Home Feed */ = {
			isa = PBXGroup;
			children = (
				4542929A2AF2A31E00617A30 /* FeedPostTableViewCell.swift */,
				4542929C2AF2A4D000617A30 /* FeedPostHeaderTableViewCell.swift */,
				4542929E2AF2A52300617A30 /* FeedPostActionsTableViewCell.swift */,
				454292A12AF2A58600617A30 /* FeedPostGeneralTableViewCell.swift */,
			);
			path = "Home Feed";
			sourceTree = "<group>";
		};
		454292A62AF2C71800617A30 /* CollectionView Headers */ = {
			isa = PBXGroup;
			children = (
				454292A92AF2C79A00617A30 /* ProfileInfoHeaderCollectionReusableView.swift */,
				454292AB2AF2C7C900617A30 /* ProfileTabsCollectionReusableView.swift */,
			);
			path = "CollectionView Headers";
			sourceTree = "<group>";
		};
		45B9F82C2AEFE6970071EC92 = {
			isa = PBXGroup;
			children = (
				45B9F8372AEFE6970071EC92 /* Instagram */,
				45B9F8362AEFE6970071EC92 /* Products */,
			);
			sourceTree = "<group>";
		};
		45B9F8362AEFE6970071EC92 /* Products */ = {
			isa = PBXGroup;
			children = (
				45B9F8352AEFE6970071EC92 /* Instagram.app */,
			);
			name = Products;
			sourceTree = "<group>";
		};
		45B9F8372AEFE6970071EC92 /* Instagram */ = {
			isa = PBXGroup;
			children = (
				45E6CC062AF006A300F6EEF3 /* Instagram.entitlements */,
				453A4CDE2AF0376200B6D6D8 /* Managers */,
				45B9F84F2AEFE8BD0071EC92 /* Resources */,
				45B9F84E2AEFE8B70071EC92 /* Models */,
				45B9F84D2AEFE8AF0071EC92 /* Views */,
				45B9F84C2AEFE8A60071EC92 /* Controllers */,
				45B9F8462AEFE6980071EC92 /* Info.plist */,
			);
			path = Instagram;
			sourceTree = "<group>";
		};
		45B9F84C2AEFE8A60071EC92 /* Controllers */ = {
			isa = PBXGroup;
			children = (
				45E6CBB92AEFEA2100F6EEF3 /* Other */,
				45E6CBB82AEFE9EE00F6EEF3 /* Core Tabs */,
			);
			path = Controllers;
			sourceTree = "<group>";
		};
		45B9F84D2AEFE8AF0071EC92 /* Views */ = {
			isa = PBXGroup;
			children = (
				454292A62AF2C71800617A30 /* CollectionView Headers */,
				454292992AF2A30200617A30 /* Cells */,
				45B9F8502AEFE8EC0071EC92 /* Storyboards */,
				45B9F8412AEFE6980071EC92 /* Assets.xcassets */,
				4500840B2AF4023C002AEBEF /* NoNotificationsView.swift */,
			);
			path = Views;
			sourceTree = "<group>";
		};
		45B9F84E2AEFE8B70071EC92 /* Models */ = {
			isa = PBXGroup;
			children = (
				454292B22AF2EB4200617A30 /* Models.swift */,
			);
			path = Models;
			sourceTree = "<group>";
		};
		45B9F84F2AEFE8BD0071EC92 /* Resources */ = {
			isa = PBXGroup;
			children = (
				453A4CDB2AF033B900B6D6D8 /* GoogleService-Info.plist */,
				45B9F8382AEFE6970071EC92 /* AppDelegate.swift */,
				45B9F83A2AEFE6970071EC92 /* SceneDelegate.swift */,
				453A4CE52AF03DB200B6D6D8 /* UIView+Extension.swift */,
				454B1A562AF13DDE00A556BA /* String+Extension.swift */,
			);
			path = Resources;
			sourceTree = "<group>";
		};
		45B9F8502AEFE8EC0071EC92 /* Storyboards */ = {
			isa = PBXGroup;
			children = (
				45B9F83E2AEFE6970071EC92 /* Main.storyboard */,
				45B9F8432AEFE6980071EC92 /* LaunchScreen.storyboard */,
			);
			path = Storyboards;
			sourceTree = "<group>";
		};
		45E6CBB82AEFE9EE00F6EEF3 /* Core Tabs */ = {
			isa = PBXGroup;
			children = (
				45B9F83C2AEFE6970071EC92 /* HomeViewController.swift */,
				45E6CBB02AEFE9A300F6EEF3 /* ExploreViewController.swift */,
				45E6CBB22AEFE9B800F6EEF3 /* CameraViewController.swift */,
				45E6CBB42AEFE9CF00F6EEF3 /* NotificationsViewController.swift */,
				45E6CBB62AEFE9E100F6EEF3 /* ProfileViewController.swift */,
			);
			path = "Core Tabs";
			sourceTree = "<group>";
		};
		45E6CBB92AEFEA2100F6EEF3 /* Other */ = {
			isa = PBXGroup;
			children = (
				45E6CBBA2AEFEA2900F6EEF3 /* Onboarding */,
				453A4CDD2AF0364D00B6D6D8 /* General */,
			);
			path = Other;
			sourceTree = "<group>";
		};
		45E6CBBA2AEFEA2900F6EEF3 /* Onboarding */ = {
			isa = PBXGroup;
			children = (
				45E6CBBB2AEFEA3E00F6EEF3 /* LoginViewController.swift */,
				45E6CBBD2AEFEA4800F6EEF3 /* RegistrationViewController.swift */,
			);
			path = Onboarding;
			sourceTree = "<group>";
		};
/* End PBXGroup section */

/* Begin PBXNativeTarget section */
		45B9F8342AEFE6970071EC92 /* Instagram */ = {
			isa = PBXNativeTarget;
			buildConfigurationList = 45B9F8492AEFE6980071EC92 /* Build configuration list for PBXNativeTarget "Instagram" */;
			buildPhases = (
				45B9F8312AEFE6970071EC92 /* Sources */,
				45B9F8322AEFE6970071EC92 /* Frameworks */,
				45B9F8332AEFE6970071EC92 /* Resources */,
			);
			buildRules = (
			);
			dependencies = (
			);
			name = Instagram;
			packageProductDependencies = (
				45E6CBD02AF0010600F6EEF3 /* FirebaseAnalytics */,
				45E6CBD22AF0010600F6EEF3 /* FirebaseAnalyticsOnDeviceConversion */,
				45E6CBD42AF0010600F6EEF3 /* FirebaseAnalyticsSwift */,
				45E6CBD62AF0010600F6EEF3 /* FirebaseAnalyticsWithoutAdIdSupport */,
				45E6CBD82AF0010600F6EEF3 /* FirebaseAppCheck */,
				45E6CBDA2AF0010600F6EEF3 /* FirebaseAppDistribution-Beta */,
				45E6CBDC2AF0010600F6EEF3 /* FirebaseAuth */,
				45E6CBDE2AF0010600F6EEF3 /* FirebaseAuthCombine-Community */,
				45E6CBE02AF0010600F6EEF3 /* FirebaseCrashlytics */,
				45E6CBE22AF0010600F6EEF3 /* FirebaseDatabase */,
				45E6CBE42AF0010600F6EEF3 /* FirebaseDatabaseSwift */,
				45E6CBE62AF0010600F6EEF3 /* FirebaseDynamicLinks */,
				45E6CBE82AF0010600F6EEF3 /* FirebaseFirestore */,
				45E6CBEA2AF0010600F6EEF3 /* FirebaseFirestoreCombine-Community */,
				45E6CBEC2AF0010600F6EEF3 /* FirebaseFirestoreSwift */,
				45E6CBEE2AF0010600F6EEF3 /* FirebaseFunctions */,
				45E6CBF02AF0010600F6EEF3 /* FirebaseFunctionsCombine-Community */,
				45E6CBF22AF0010600F6EEF3 /* FirebaseInAppMessaging-Beta */,
				45E6CBF42AF0010600F6EEF3 /* FirebaseInAppMessagingSwift-Beta */,
				45E6CBF62AF0010600F6EEF3 /* FirebaseInstallations */,
				45E6CBF82AF0010600F6EEF3 /* FirebaseMLModelDownloader */,
				45E6CBFA2AF0010600F6EEF3 /* FirebaseMessaging */,
				45E6CBFC2AF0010600F6EEF3 /* FirebasePerformance */,
				45E6CBFE2AF0010600F6EEF3 /* FirebaseRemoteConfig */,
				45E6CC002AF0010600F6EEF3 /* FirebaseRemoteConfigSwift */,
				45E6CC022AF0010600F6EEF3 /* FirebaseStorage */,
				45E6CC042AF0010600F6EEF3 /* FirebaseStorageCombine-Community */,
				454292AE2AF2E6B000617A30 /* SDWebImage */,
				454292B02AF2E6B000617A30 /* SDWebImageMapKit */,
			);
			productName = Instagram;
			productReference = 45B9F8352AEFE6970071EC92 /* Instagram.app */;
			productType = "com.apple.product-type.application";
		};
/* End PBXNativeTarget section */

/* Begin PBXProject section */
		45B9F82D2AEFE6970071EC92 /* Project object */ = {
			isa = PBXProject;
			attributes = {
				BuildIndependentTargetsInParallel = 1;
				LastSwiftUpdateCheck = 1500;
				LastUpgradeCheck = 1500;
				TargetAttributes = {
					45B9F8342AEFE6970071EC92 = {
						CreatedOnToolsVersion = 15.0;
					};
				};
			};
			buildConfigurationList = 45B9F8302AEFE6970071EC92 /* Build configuration list for PBXProject "Instagram" */;
			compatibilityVersion = "Xcode 14.0";
			developmentRegion = en;
			hasScannedForEncodings = 0;
			knownRegions = (
				en,
				Base,
			);
			mainGroup = 45B9F82C2AEFE6970071EC92;
			packageReferences = (
				45E6CBCF2AF0010600F6EEF3 /* XCRemoteSwiftPackageReference "firebase-ios-sdk" */,
				454292AD2AF2E6B000617A30 /* XCRemoteSwiftPackageReference "SDWebImage" */,
			);
			productRefGroup = 45B9F8362AEFE6970071EC92 /* Products */;
			projectDirPath = "";
			projectRoot = "";
			targets = (
				45B9F8342AEFE6970071EC92 /* Instagram */,
			);
		};
/* End PBXProject section */

/* Begin PBXResourcesBuildPhase section */
		45B9F8332AEFE6970071EC92 /* Resources */ = {
			isa = PBXResourcesBuildPhase;
			buildActionMask = 2147483647;
			files = (
				45B9F8452AEFE6980071EC92 /* LaunchScreen.storyboard in Resources */,
				45B9F8422AEFE6980071EC92 /* Assets.xcassets in Resources */,
				45B9F8402AEFE6970071EC92 /* Main.storyboard in Resources */,
				453A4CDC2AF033B900B6D6D8 /* GoogleService-Info.plist in Resources */,
			);
			runOnlyForDeploymentPostprocessing = 0;
		};
/* End PBXResourcesBuildPhase section */

/* Begin PBXSourcesBuildPhase section */
		45B9F8312AEFE6970071EC92 /* Sources */ = {
			isa = PBXSourcesBuildPhase;
			buildActionMask = 2147483647;
			files = (
				45E6CBC22AEFEA9700F6EEF3 /* EditProfileViewController.swift in Sources */,
				45E6CBB12AEFE9A300F6EEF3 /* ExploreViewController.swift in Sources */,
				45E6CBCE2AEFEB1700F6EEF3 /* PublishPostViewController.swift in Sources */,
				45E6CBB32AEFE9B800F6EEF3 /* CameraViewController.swift in Sources */,
				454292A22AF2A58600617A30 /* FeedPostGeneralTableViewCell.swift in Sources */,
				45B9F83D2AEFE6970071EC92 /* HomeViewController.swift in Sources */,
				4542929F2AF2A52300617A30 /* FeedPostActionsTableViewCell.swift in Sources */,
				45E6CBBE2AEFEA4800F6EEF3 /* RegistrationViewController.swift in Sources */,
				4542929B2AF2A31E00617A30 /* FeedPostTableViewCell.swift in Sources */,
				45E6CBCC2AEFEB0800F6EEF3 /* PostEditorViewController.swift in Sources */,
				454292A52AF2BE5600617A30 /* FormTableViewCell.swift in Sources */,
				4500840C2AF4023C002AEBEF /* NoNotificationsView.swift in Sources */,
				453A4CE42AF0387100B6D6D8 /* StorageManager.swift in Sources */,
				45E6CBC02AEFEA8100F6EEF3 /* PostViewController.swift in Sources */,
				450084112AF406DF002AEBEF /* NotificationLikeEventTableViewCell.swift in Sources */,
				4500840F2AF406D4002AEBEF /* NotificationFollowEventTableViewCell.swift in Sources */,
				4500840A2AF3E92A002AEBEF /* UserFollowTableViewCell.swift in Sources */,
				453A4CE02AF0378500B6D6D8 /* DatabaseManager.swift in Sources */,
				45E6CBB52AEFE9CF00F6EEF3 /* NotificationsViewController.swift in Sources */,
				454292AA2AF2C79A00617A30 /* ProfileInfoHeaderCollectionReusableView.swift in Sources */,
				45E6CBCA2AEFEAF300F6EEF3 /* SearchResultViewController.swift in Sources */,
				454B1A572AF13DDE00A556BA /* String+Extension.swift in Sources */,
				4542929D2AF2A4D000617A30 /* FeedPostHeaderTableViewCell.swift in Sources */,
				454292AC2AF2C7C900617A30 /* ProfileTabsCollectionReusableView.swift in Sources */,
				45E6CBBC2AEFEA3E00F6EEF3 /* LoginViewController.swift in Sources */,
				45E6CBC82AEFEADB00F6EEF3 /* SearchViewController.swift in Sources */,
				45E6CBB72AEFE9E100F6EEF3 /* ProfileViewController.swift in Sources */,
				453A4CE62AF03DB200B6D6D8 /* UIView+Extension.swift in Sources */,
				454292B32AF2EB4200617A30 /* Models.swift in Sources */,
				453A4CE22AF0382500B6D6D8 /* AuthManager.swift in Sources */,
				45B9F8392AEFE6970071EC92 /* AppDelegate.swift in Sources */,
				45B9F83B2AEFE6970071EC92 /* SceneDelegate.swift in Sources */,
				454292A82AF2C74300617A30 /* PhotoCollectionViewCell.swift in Sources */,
				45E6CBC62AEFEAC800F6EEF3 /* ListViewController.swift in Sources */,
				45E6CBC42AEFEAAD00F6EEF3 /* SettingsViewController.swift in Sources */,
			);
			runOnlyForDeploymentPostprocessing = 0;
		};
/* End PBXSourcesBuildPhase section */

/* Begin PBXVariantGroup section */
		45B9F83E2AEFE6970071EC92 /* Main.storyboard */ = {
			isa = PBXVariantGroup;
			children = (
				45B9F83F2AEFE6970071EC92 /* Base */,
			);
			name = Main.storyboard;
			sourceTree = "<group>";
		};
		45B9F8432AEFE6980071EC92 /* LaunchScreen.storyboard */ = {
			isa = PBXVariantGroup;
			children = (
				45B9F8442AEFE6980071EC92 /* Base */,
			);
			name = LaunchScreen.storyboard;
			sourceTree = "<group>";
		};
/* End PBXVariantGroup section */

/* Begin XCBuildConfiguration section */
		45B9F8472AEFE6980071EC92 /* Debug */ = {
			isa = XCBuildConfiguration;
			buildSettings = {
				ALWAYS_SEARCH_USER_PATHS = NO;
				ASSETCATALOG_COMPILER_GENERATE_SWIFT_ASSET_SYMBOL_EXTENSIONS = YES;
				CLANG_ANALYZER_NONNULL = YES;
				CLANG_ANALYZER_NUMBER_OBJECT_CONVERSION = YES_AGGRESSIVE;
				CLANG_CXX_LANGUAGE_STANDARD = "gnu++20";
				CLANG_ENABLE_MODULES = YES;
				CLANG_ENABLE_OBJC_ARC = YES;
				CLANG_ENABLE_OBJC_WEAK = YES;
				CLANG_WARN_BLOCK_CAPTURE_AUTORELEASING = YES;
				CLANG_WARN_BOOL_CONVERSION = YES;
				CLANG_WARN_COMMA = YES;
				CLANG_WARN_CONSTANT_CONVERSION = YES;
				CLANG_WARN_DEPRECATED_OBJC_IMPLEMENTATIONS = YES;
				CLANG_WARN_DIRECT_OBJC_ISA_USAGE = YES_ERROR;
				CLANG_WARN_DOCUMENTATION_COMMENTS = YES;
				CLANG_WARN_EMPTY_BODY = YES;
				CLANG_WARN_ENUM_CONVERSION = YES;
				CLANG_WARN_INFINITE_RECURSION = YES;
				CLANG_WARN_INT_CONVERSION = YES;
				CLANG_WARN_NON_LITERAL_NULL_CONVERSION = YES;
				CLANG_WARN_OBJC_IMPLICIT_RETAIN_SELF = YES;
				CLANG_WARN_OBJC_LITERAL_CONVERSION = YES;
				CLANG_WARN_OBJC_ROOT_CLASS = YES_ERROR;
				CLANG_WARN_QUOTED_INCLUDE_IN_FRAMEWORK_HEADER = YES;
				CLANG_WARN_RANGE_LOOP_ANALYSIS = YES;
				CLANG_WARN_STRICT_PROTOTYPES = YES;
				CLANG_WARN_SUSPICIOUS_MOVE = YES;
				CLANG_WARN_UNGUARDED_AVAILABILITY = YES_AGGRESSIVE;
				CLANG_WARN_UNREACHABLE_CODE = YES;
				CLANG_WARN__DUPLICATE_METHOD_MATCH = YES;
				COPY_PHASE_STRIP = NO;
				DEBUG_INFORMATION_FORMAT = dwarf;
				ENABLE_STRICT_OBJC_MSGSEND = YES;
				ENABLE_TESTABILITY = YES;
				ENABLE_USER_SCRIPT_SANDBOXING = YES;
				GCC_C_LANGUAGE_STANDARD = gnu17;
				GCC_DYNAMIC_NO_PIC = NO;
				GCC_NO_COMMON_BLOCKS = YES;
				GCC_OPTIMIZATION_LEVEL = 0;
				GCC_PREPROCESSOR_DEFINITIONS = (
					"DEBUG=1",
					"$(inherited)",
				);
				GCC_WARN_64_TO_32_BIT_CONVERSION = YES;
				GCC_WARN_ABOUT_RETURN_TYPE = YES_ERROR;
				GCC_WARN_UNDECLARED_SELECTOR = YES;
				GCC_WARN_UNINITIALIZED_AUTOS = YES_AGGRESSIVE;
				GCC_WARN_UNUSED_FUNCTION = YES;
				GCC_WARN_UNUSED_VARIABLE = YES;
				IPHONEOS_DEPLOYMENT_TARGET = 16.0;
				LOCALIZATION_PREFERS_STRING_CATALOGS = YES;
				MTL_ENABLE_DEBUG_INFO = INCLUDE_SOURCE;
				MTL_FAST_MATH = YES;
				ONLY_ACTIVE_ARCH = YES;
				SDKROOT = iphoneos;
				SWIFT_ACTIVE_COMPILATION_CONDITIONS = "DEBUG $(inherited)";
				SWIFT_OPTIMIZATION_LEVEL = "-Onone";
			};
			name = Debug;
		};
		45B9F8482AEFE6980071EC92 /* Release */ = {
			isa = XCBuildConfiguration;
			buildSettings = {
				ALWAYS_SEARCH_USER_PATHS = NO;
				ASSETCATALOG_COMPILER_GENERATE_SWIFT_ASSET_SYMBOL_EXTENSIONS = YES;
				CLANG_ANALYZER_NONNULL = YES;
				CLANG_ANALYZER_NUMBER_OBJECT_CONVERSION = YES_AGGRESSIVE;
				CLANG_CXX_LANGUAGE_STANDARD = "gnu++20";
				CLANG_ENABLE_MODULES = YES;
				CLANG_ENABLE_OBJC_ARC = YES;
				CLANG_ENABLE_OBJC_WEAK = YES;
				CLANG_WARN_BLOCK_CAPTURE_AUTORELEASING = YES;
				CLANG_WARN_BOOL_CONVERSION = YES;
				CLANG_WARN_COMMA = YES;
				CLANG_WARN_CONSTANT_CONVERSION = YES;
				CLANG_WARN_DEPRECATED_OBJC_IMPLEMENTATIONS = YES;
				CLANG_WARN_DIRECT_OBJC_ISA_USAGE = YES_ERROR;
				CLANG_WARN_DOCUMENTATION_COMMENTS = YES;
				CLANG_WARN_EMPTY_BODY = YES;
				CLANG_WARN_ENUM_CONVERSION = YES;
				CLANG_WARN_INFINITE_RECURSION = YES;
				CLANG_WARN_INT_CONVERSION = YES;
				CLANG_WARN_NON_LITERAL_NULL_CONVERSION = YES;
				CLANG_WARN_OBJC_IMPLICIT_RETAIN_SELF = YES;
				CLANG_WARN_OBJC_LITERAL_CONVERSION = YES;
				CLANG_WARN_OBJC_ROOT_CLASS = YES_ERROR;
				CLANG_WARN_QUOTED_INCLUDE_IN_FRAMEWORK_HEADER = YES;
				CLANG_WARN_RANGE_LOOP_ANALYSIS = YES;
				CLANG_WARN_STRICT_PROTOTYPES = YES;
				CLANG_WARN_SUSPICIOUS_MOVE = YES;
				CLANG_WARN_UNGUARDED_AVAILABILITY = YES_AGGRESSIVE;
				CLANG_WARN_UNREACHABLE_CODE = YES;
				CLANG_WARN__DUPLICATE_METHOD_MATCH = YES;
				COPY_PHASE_STRIP = NO;
				DEBUG_INFORMATION_FORMAT = "dwarf-with-dsym";
				ENABLE_NS_ASSERTIONS = NO;
				ENABLE_STRICT_OBJC_MSGSEND = YES;
				ENABLE_USER_SCRIPT_SANDBOXING = YES;
				GCC_C_LANGUAGE_STANDARD = gnu17;
				GCC_NO_COMMON_BLOCKS = YES;
				GCC_WARN_64_TO_32_BIT_CONVERSION = YES;
				GCC_WARN_ABOUT_RETURN_TYPE = YES_ERROR;
				GCC_WARN_UNDECLARED_SELECTOR = YES;
				GCC_WARN_UNINITIALIZED_AUTOS = YES_AGGRESSIVE;
				GCC_WARN_UNUSED_FUNCTION = YES;
				GCC_WARN_UNUSED_VARIABLE = YES;
				IPHONEOS_DEPLOYMENT_TARGET = 16.0;
				LOCALIZATION_PREFERS_STRING_CATALOGS = YES;
				MTL_ENABLE_DEBUG_INFO = NO;
				MTL_FAST_MATH = YES;
				SDKROOT = iphoneos;
				SWIFT_COMPILATION_MODE = wholemodule;
				VALIDATE_PRODUCT = YES;
			};
			name = Release;
		};
		45B9F84A2AEFE6980071EC92 /* Debug */ = {
			isa = XCBuildConfiguration;
			buildSettings = {
				ASSETCATALOG_COMPILER_APPICON_NAME = AppIcon;
				ASSETCATALOG_COMPILER_GLOBAL_ACCENT_COLOR_NAME = AccentColor;
				CODE_SIGN_ENTITLEMENTS = Instagram/Instagram.entitlements;
				CODE_SIGN_STYLE = Automatic;
				CURRENT_PROJECT_VERSION = 1;
				DEVELOPMENT_TEAM = N2G2NDDG29;
				GENERATE_INFOPLIST_FILE = YES;
				INFOPLIST_FILE = Instagram/Info.plist;
				INFOPLIST_KEY_UIApplicationSupportsIndirectInputEvents = YES;
				INFOPLIST_KEY_UILaunchStoryboardName = LaunchScreen;
				INFOPLIST_KEY_UIMainStoryboardFile = Main;
				INFOPLIST_KEY_UISupportedInterfaceOrientations = UIInterfaceOrientationPortrait;
				IPHONEOS_DEPLOYMENT_TARGET = 16.0;
				LD_RUNPATH_SEARCH_PATHS = (
					"$(inherited)",
					"@executable_path/Frameworks",
				);
				MARKETING_VERSION = 1.0;
				PRODUCT_BUNDLE_IDENTIFIER = com.ahmettarik.Instagram;
				PRODUCT_NAME = "$(TARGET_NAME)";
				SWIFT_EMIT_LOC_STRINGS = YES;
				SWIFT_VERSION = 5.0;
				TARGETED_DEVICE_FAMILY = "1,2";
			};
			name = Debug;
		};
		45B9F84B2AEFE6980071EC92 /* Release */ = {
			isa = XCBuildConfiguration;
			buildSettings = {
				ASSETCATALOG_COMPILER_APPICON_NAME = AppIcon;
				ASSETCATALOG_COMPILER_GLOBAL_ACCENT_COLOR_NAME = AccentColor;
				CODE_SIGN_ENTITLEMENTS = Instagram/Instagram.entitlements;
				CODE_SIGN_STYLE = Automatic;
				CURRENT_PROJECT_VERSION = 1;
				DEVELOPMENT_TEAM = N2G2NDDG29;
				GENERATE_INFOPLIST_FILE = YES;
				INFOPLIST_FILE = Instagram/Info.plist;
				INFOPLIST_KEY_UIApplicationSupportsIndirectInputEvents = YES;
				INFOPLIST_KEY_UILaunchStoryboardName = LaunchScreen;
				INFOPLIST_KEY_UIMainStoryboardFile = Main;
				INFOPLIST_KEY_UISupportedInterfaceOrientations = UIInterfaceOrientationPortrait;
				IPHONEOS_DEPLOYMENT_TARGET = 16.0;
				LD_RUNPATH_SEARCH_PATHS = (
					"$(inherited)",
					"@executable_path/Frameworks",
				);
				MARKETING_VERSION = 1.0;
				PRODUCT_BUNDLE_IDENTIFIER = com.ahmettarik.Instagram;
				PRODUCT_NAME = "$(TARGET_NAME)";
				SWIFT_EMIT_LOC_STRINGS = YES;
				SWIFT_VERSION = 5.0;
				TARGETED_DEVICE_FAMILY = "1,2";
			};
			name = Release;
		};
/* End XCBuildConfiguration section */

/* Begin XCConfigurationList section */
		45B9F8302AEFE6970071EC92 /* Build configuration list for PBXProject "Instagram" */ = {
			isa = XCConfigurationList;
			buildConfigurations = (
				45B9F8472AEFE6980071EC92 /* Debug */,
				45B9F8482AEFE6980071EC92 /* Release */,
			);
			defaultConfigurationIsVisible = 0;
			defaultConfigurationName = Release;
		};
		45B9F8492AEFE6980071EC92 /* Build configuration list for PBXNativeTarget "Instagram" */ = {
			isa = XCConfigurationList;
			buildConfigurations = (
				45B9F84A2AEFE6980071EC92 /* Debug */,
				45B9F84B2AEFE6980071EC92 /* Release */,
			);
			defaultConfigurationIsVisible = 0;
			defaultConfigurationName = Release;
		};
/* End XCConfigurationList section */

/* Begin XCRemoteSwiftPackageReference section */
		454292AD2AF2E6B000617A30 /* XCRemoteSwiftPackageReference "SDWebImage" */ = {
			isa = XCRemoteSwiftPackageReference;
			repositoryURL = "https://github.com/SDWebImage/SDWebImage.git";
			requirement = {
				kind = upToNextMajorVersion;
				minimumVersion = 5.18.4;
			};
		};
		45E6CBCF2AF0010600F6EEF3 /* XCRemoteSwiftPackageReference "firebase-ios-sdk" */ = {
			isa = XCRemoteSwiftPackageReference;
			repositoryURL = "https://github.com/firebase/firebase-ios-sdk.git";
			requirement = {
				kind = upToNextMajorVersion;
				minimumVersion = 10.16.0;
			};
		};
/* End XCRemoteSwiftPackageReference section */

/* Begin XCSwiftPackageProductDependency section */
		454292AE2AF2E6B000617A30 /* SDWebImage */ = {
			isa = XCSwiftPackageProductDependency;
			package = 454292AD2AF2E6B000617A30 /* XCRemoteSwiftPackageReference "SDWebImage" */;
			productName = SDWebImage;
		};
		454292B02AF2E6B000617A30 /* SDWebImageMapKit */ = {
			isa = XCSwiftPackageProductDependency;
			package = 454292AD2AF2E6B000617A30 /* XCRemoteSwiftPackageReference "SDWebImage" */;
			productName = SDWebImageMapKit;
		};
		45E6CBD02AF0010600F6EEF3 /* FirebaseAnalytics */ = {
			isa = XCSwiftPackageProductDependency;
			package = 45E6CBCF2AF0010600F6EEF3 /* XCRemoteSwiftPackageReference "firebase-ios-sdk" */;
			productName = FirebaseAnalytics;
		};
		45E6CBD22AF0010600F6EEF3 /* FirebaseAnalyticsOnDeviceConversion */ = {
			isa = XCSwiftPackageProductDependency;
			package = 45E6CBCF2AF0010600F6EEF3 /* XCRemoteSwiftPackageReference "firebase-ios-sdk" */;
			productName = FirebaseAnalyticsOnDeviceConversion;
		};
		45E6CBD42AF0010600F6EEF3 /* FirebaseAnalyticsSwift */ = {
			isa = XCSwiftPackageProductDependency;
			package = 45E6CBCF2AF0010600F6EEF3 /* XCRemoteSwiftPackageReference "firebase-ios-sdk" */;
			productName = FirebaseAnalyticsSwift;
		};
		45E6CBD62AF0010600F6EEF3 /* FirebaseAnalyticsWithoutAdIdSupport */ = {
			isa = XCSwiftPackageProductDependency;
			package = 45E6CBCF2AF0010600F6EEF3 /* XCRemoteSwiftPackageReference "firebase-ios-sdk" */;
			productName = FirebaseAnalyticsWithoutAdIdSupport;
		};
		45E6CBD82AF0010600F6EEF3 /* FirebaseAppCheck */ = {
			isa = XCSwiftPackageProductDependency;
			package = 45E6CBCF2AF0010600F6EEF3 /* XCRemoteSwiftPackageReference "firebase-ios-sdk" */;
			productName = FirebaseAppCheck;
		};
		45E6CBDA2AF0010600F6EEF3 /* FirebaseAppDistribution-Beta */ = {
			isa = XCSwiftPackageProductDependency;
			package = 45E6CBCF2AF0010600F6EEF3 /* XCRemoteSwiftPackageReference "firebase-ios-sdk" */;
			productName = "FirebaseAppDistribution-Beta";
		};
		45E6CBDC2AF0010600F6EEF3 /* FirebaseAuth */ = {
			isa = XCSwiftPackageProductDependency;
			package = 45E6CBCF2AF0010600F6EEF3 /* XCRemoteSwiftPackageReference "firebase-ios-sdk" */;
			productName = FirebaseAuth;
		};
		45E6CBDE2AF0010600F6EEF3 /* FirebaseAuthCombine-Community */ = {
			isa = XCSwiftPackageProductDependency;
			package = 45E6CBCF2AF0010600F6EEF3 /* XCRemoteSwiftPackageReference "firebase-ios-sdk" */;
			productName = "FirebaseAuthCombine-Community";
		};
		45E6CBE02AF0010600F6EEF3 /* FirebaseCrashlytics */ = {
			isa = XCSwiftPackageProductDependency;
			package = 45E6CBCF2AF0010600F6EEF3 /* XCRemoteSwiftPackageReference "firebase-ios-sdk" */;
			productName = FirebaseCrashlytics;
		};
		45E6CBE22AF0010600F6EEF3 /* FirebaseDatabase */ = {
			isa = XCSwiftPackageProductDependency;
			package = 45E6CBCF2AF0010600F6EEF3 /* XCRemoteSwiftPackageReference "firebase-ios-sdk" */;
			productName = FirebaseDatabase;
		};
		45E6CBE42AF0010600F6EEF3 /* FirebaseDatabaseSwift */ = {
			isa = XCSwiftPackageProductDependency;
			package = 45E6CBCF2AF0010600F6EEF3 /* XCRemoteSwiftPackageReference "firebase-ios-sdk" */;
			productName = FirebaseDatabaseSwift;
		};
		45E6CBE62AF0010600F6EEF3 /* FirebaseDynamicLinks */ = {
			isa = XCSwiftPackageProductDependency;
			package = 45E6CBCF2AF0010600F6EEF3 /* XCRemoteSwiftPackageReference "firebase-ios-sdk" */;
			productName = FirebaseDynamicLinks;
		};
		45E6CBE82AF0010600F6EEF3 /* FirebaseFirestore */ = {
			isa = XCSwiftPackageProductDependency;
			package = 45E6CBCF2AF0010600F6EEF3 /* XCRemoteSwiftPackageReference "firebase-ios-sdk" */;
			productName = FirebaseFirestore;
		};
		45E6CBEA2AF0010600F6EEF3 /* FirebaseFirestoreCombine-Community */ = {
			isa = XCSwiftPackageProductDependency;
			package = 45E6CBCF2AF0010600F6EEF3 /* XCRemoteSwiftPackageReference "firebase-ios-sdk" */;
			productName = "FirebaseFirestoreCombine-Community";
		};
		45E6CBEC2AF0010600F6EEF3 /* FirebaseFirestoreSwift */ = {
			isa = XCSwiftPackageProductDependency;
			package = 45E6CBCF2AF0010600F6EEF3 /* XCRemoteSwiftPackageReference "firebase-ios-sdk" */;
			productName = FirebaseFirestoreSwift;
		};
		45E6CBEE2AF0010600F6EEF3 /* FirebaseFunctions */ = {
			isa = XCSwiftPackageProductDependency;
			package = 45E6CBCF2AF0010600F6EEF3 /* XCRemoteSwiftPackageReference "firebase-ios-sdk" */;
			productName = FirebaseFunctions;
		};
		45E6CBF02AF0010600F6EEF3 /* FirebaseFunctionsCombine-Community */ = {
			isa = XCSwiftPackageProductDependency;
			package = 45E6CBCF2AF0010600F6EEF3 /* XCRemoteSwiftPackageReference "firebase-ios-sdk" */;
			productName = "FirebaseFunctionsCombine-Community";
		};
		45E6CBF22AF0010600F6EEF3 /* FirebaseInAppMessaging-Beta */ = {
			isa = XCSwiftPackageProductDependency;
			package = 45E6CBCF2AF0010600F6EEF3 /* XCRemoteSwiftPackageReference "firebase-ios-sdk" */;
			productName = "FirebaseInAppMessaging-Beta";
		};
		45E6CBF42AF0010600F6EEF3 /* FirebaseInAppMessagingSwift-Beta */ = {
			isa = XCSwiftPackageProductDependency;
			package = 45E6CBCF2AF0010600F6EEF3 /* XCRemoteSwiftPackageReference "firebase-ios-sdk" */;
			productName = "FirebaseInAppMessagingSwift-Beta";
		};
		45E6CBF62AF0010600F6EEF3 /* FirebaseInstallations */ = {
			isa = XCSwiftPackageProductDependency;
			package = 45E6CBCF2AF0010600F6EEF3 /* XCRemoteSwiftPackageReference "firebase-ios-sdk" */;
			productName = FirebaseInstallations;
		};
		45E6CBF82AF0010600F6EEF3 /* FirebaseMLModelDownloader */ = {
			isa = XCSwiftPackageProductDependency;
			package = 45E6CBCF2AF0010600F6EEF3 /* XCRemoteSwiftPackageReference "firebase-ios-sdk" */;
			productName = FirebaseMLModelDownloader;
		};
		45E6CBFA2AF0010600F6EEF3 /* FirebaseMessaging */ = {
			isa = XCSwiftPackageProductDependency;
			package = 45E6CBCF2AF0010600F6EEF3 /* XCRemoteSwiftPackageReference "firebase-ios-sdk" */;
			productName = FirebaseMessaging;
		};
		45E6CBFC2AF0010600F6EEF3 /* FirebasePerformance */ = {
			isa = XCSwiftPackageProductDependency;
			package = 45E6CBCF2AF0010600F6EEF3 /* XCRemoteSwiftPackageReference "firebase-ios-sdk" */;
			productName = FirebasePerformance;
		};
		45E6CBFE2AF0010600F6EEF3 /* FirebaseRemoteConfig */ = {
			isa = XCSwiftPackageProductDependency;
			package = 45E6CBCF2AF0010600F6EEF3 /* XCRemoteSwiftPackageReference "firebase-ios-sdk" */;
			productName = FirebaseRemoteConfig;
		};
		45E6CC002AF0010600F6EEF3 /* FirebaseRemoteConfigSwift */ = {
			isa = XCSwiftPackageProductDependency;
			package = 45E6CBCF2AF0010600F6EEF3 /* XCRemoteSwiftPackageReference "firebase-ios-sdk" */;
			productName = FirebaseRemoteConfigSwift;
		};
		45E6CC022AF0010600F6EEF3 /* FirebaseStorage */ = {
			isa = XCSwiftPackageProductDependency;
			package = 45E6CBCF2AF0010600F6EEF3 /* XCRemoteSwiftPackageReference "firebase-ios-sdk" */;
			productName = FirebaseStorage;
		};
		45E6CC042AF0010600F6EEF3 /* FirebaseStorageCombine-Community */ = {
			isa = XCSwiftPackageProductDependency;
			package = 45E6CBCF2AF0010600F6EEF3 /* XCRemoteSwiftPackageReference "firebase-ios-sdk" */;
			productName = "FirebaseStorageCombine-Community";
		};
/* End XCSwiftPackageProductDependency section */
	};
	rootObject = 45B9F82D2AEFE6970071EC92 /* Project object */;
}
